
Microsoft Visual Studio Solution File, Format Version 12.00
# Visual Studio Version 17
VisualStudioVersion = 17.12.35527.113
MinimumVisualStudioVersion = 10.0.40219.1
Project("{FAE04EC0-301F-11D3-BF4B-00C04F79EFBC}") = "TraversalCoreProje", "TraversalCoreProje\TraversalCoreProje.csproj", "{6D3AE7BC-3F51-4905-A545-9B358D411DEB}"
EndProject
Project("{FAE04EC0-301F-11D3-BF4B-00C04F79EFBC}") = "EntityLayer", "EntityLayer\EntityLayer.csproj", "{271F6DF7-FEFC-43FF-899D-80342B2C1612}"
EndProject
Project("{FAE04EC0-301F-11D3-BF4B-00C04F79EFBC}") = "DataAccessLayer", "DataAccessLayer\DataAccessLayer.csproj", "{B5A5D054-DE4C-4AB2-A52B-6C9A54F1B605}"
EndProject
Project("{FAE04EC0-301F-11D3-BF4B-00C04F79EFBC}") = "BusinessLayer", "BusinessLayer\BusinessLayer.csproj", "{50498CC8-1B29-4655-970C-706EDE6884B0}"
EndProject
Project("{FAE04EC0-301F-11D3-BF4B-00C04F79EFBC}") = "DTOLayer", "DTOLayer\DTOLayer.csproj", "{32247C48-4552-473C-853F-42466B899468}"
EndProject
Project("{FAE04EC0-301F-11D3-BF4B-00C04F79EFBC}") = "SignalRApi", "SignalRApi\SignalRApi.csproj", "{2CB11449-3CEA-4766-8AE1-4D59AC9C59D7}"
EndProject
Project("{FAE04EC0-301F-11D3-BF4B-00C04F79EFBC}") = "SignalRConsume", "SignalRConsume\SignalRConsume.csproj", "{A67E7F35-115B-4BFE-9778-255F0518382E}"
EndProject
Project("{FAE04EC0-301F-11D3-BF4B-00C04F79EFBC}") = "SignalRApiForSql", "SignalRApiForSql\SignalRApiForSql.csproj", "{0CF44E3D-AB02-4869-802A-863559510B61}"
EndProject
Project("{2150E333-8FDC-42A3-9474-1A3956D46DE8}") = "Solution Items", "Solution Items", "{9E739EB6-DE54-4B6E-91FA-DC88F494EB8F}"
	ProjectSection(SolutionItems) = preProject
		README.md = README.md
	EndProjectSection
EndProject
Project("{2150E333-8FDC-42A3-9474-1A3956D46DE8}") = "screenshots", "screenshots", "{01152507-DACC-4125-804B-DC3FB040F717}"
	ProjectSection(SolutionItems) = preProject
		..\..\..\OneDrive\Masaüstü\traversalcoregörseller\Ekran görüntüsü 2026-05-17 160448.png = ..\..\..\OneDrive\Masaüstü\traversalcoregörseller\Ekran görüntüsü 2026-05-17 160448.png
		..\..\..\OneDrive\Masaüstü\traversalcoregörseller\Ekran görüntüsü 2026-05-17 160522.png = ..\..\..\OneDrive\Masaüstü\traversalcoregörseller\Ekran görüntüsü 2026-05-17 160522.png
		..\..\..\OneDrive\Masaüstü\traversalcoregörseller\Ekran görüntüsü 2026-05-17 160546.png = ..\..\..\OneDrive\Masaüstü\traversalcoregörseller\Ekran görüntüsü 2026-05-17 160546.png
		..\..\..\OneDrive\Masaüstü\traversalcoregörseller\Ekran görüntüsü 2026-05-17 160556.png = ..\..\..\OneDrive\Masaüstü\traversalcoregörseller\Ekran görüntüsü 2026-05-17 160556.png
		..\..\..\OneDrive\Masaüstü\traversalcoregörseller\Ekran görüntüsü 2026-05-17 160609.png = ..\..\..\OneDrive\Masaüstü\traversalcoregörseller\Ekran görüntüsü 2026-05-17 160609.png
		..\..\..\OneDrive\Masaüstü\traversalcoregörseller\Ekran görüntüsü 2026-05-17 160642.png = ..\..\..\OneDrive\Masaüstü\traversalcoregörseller\Ekran görüntüsü 2026-05-17 160642.png
		..\..\..\OneDrive\Masaüstü\traversalcoregörseller\Ekran görüntüsü 2026-05-17 160720.png = ..\..\..\OneDrive\Masaüstü\traversalcoregörseller\Ekran görüntüsü 2026-05-17 160720.png
		..\..\..\OneDrive\Masaüstü\traversalcoregörseller\Ekran görüntüsü 2026-05-17 160823.png = ..\..\..\OneDrive\Masaüstü\traversalcoregörseller\Ekran görüntüsü 2026-05-17 160823.png
		..\..\..\OneDrive\Masaüstü\traversalcoregörseller\Ekran görüntüsü 2026-05-17 160838.png = ..\..\..\OneDrive\Masaüstü\traversalcoregörseller\Ekran görüntüsü 2026-05-17 160838.png
		..\..\..\OneDrive\Masaüstü\traversalcoregörseller\Ekran görüntüsü 2026-05-17 160851.png = ..\..\..\OneDrive\Masaüstü\traversalcoregörseller\Ekran görüntüsü 2026-05-17 160851.png
		..\..\..\OneDrive\Masaüstü\traversalcoregörseller\Ekran görüntüsü 2026-05-17 161312.png = ..\..\..\OneDrive\Masaüstü\traversalcoregörseller\Ekran görüntüsü 2026-05-17 161312.png
		..\..\..\OneDrive\Masaüstü\traversalcoregörseller\Ekran görüntüsü 2026-05-17 161335.png = ..\..\..\OneDrive\Masaüstü\traversalcoregörseller\Ekran görüntüsü 2026-05-17 161335.png
		..\..\..\OneDrive\Masaüstü\traversalcoregörseller\Ekran görüntüsü 2026-05-17 161517.png = ..\..\..\OneDrive\Masaüstü\traversalcoregörseller\Ekran görüntüsü 2026-05-17 161517.png
		..\..\..\OneDrive\Masaüstü\traversalcoregörseller\Ekran görüntüsü 2026-05-17 161538.png = ..\..\..\OneDrive\Masaüstü\traversalcoregörseller\Ekran görüntüsü 2026-05-17 161538.png
	EndProjectSection
EndProject
Global
	GlobalSection(SolutionConfigurationPlatforms) = preSolution
		Debug|Any CPU = Debug|Any CPU
		Release|Any CPU = Release|Any CPU
	EndGlobalSection
	GlobalSection(ProjectConfigurationPlatforms) = postSolution
		{6D3AE7BC-3F51-4905-A545-9B358D411DEB}.Debug|Any CPU.ActiveCfg = Debug|Any CPU
		{6D3AE7BC-3F51-4905-A545-9B358D411DEB}.Debug|Any CPU.Build.0 = Debug|Any CPU
		{6D3AE7BC-3F51-4905-A545-9B358D411DEB}.Release|Any CPU.ActiveCfg = Release|Any CPU
		{6D3AE7BC-3F51-4905-A545-9B358D411DEB}.Release|Any CPU.Build.0 = Release|Any CPU
		{271F6DF7-FEFC-43FF-899D-80342B2C1612}.Debug|Any CPU.ActiveCfg = Debug|Any CPU
		{271F6DF7-FEFC-43FF-899D-80342B2C1612}.Debug|Any CPU.Build.0 = Debug|Any CPU
		{271F6DF7-FEFC-43FF-899D-80342B2C1612}.Release|Any CPU.ActiveCfg = Release|Any CPU
		{271F6DF7-FEFC-43FF-899D-80342B2C1612}.Release|Any CPU.Build.0 = Release|Any CPU
		{B5A5D054-DE4C-4AB2-A52B-6C9A54F1B605}.Debug|Any CPU.ActiveCfg = Debug|Any CPU
		{B5A5D054-DE4C-4AB2-A52B-6C9A54F1B605}.Debug|Any CPU.Build.0 = Debug|Any CPU
		{B5A5D054-DE4C-4AB2-A52B-6C9A54F1B605}.Release|Any CPU.ActiveCfg = Release|Any CPU
		{B5A5D054-DE4C-4AB2-A52B-6C9A54F1B605}.Release|Any CPU.Build.0 = Release|Any CPU
		{50498CC8-1B29-4655-970C-706EDE6884B0}.Debug|Any CPU.ActiveCfg = Debug|Any CPU
		{50498CC8-1B29-4655-970C-706EDE6884B0}.Debug|Any CPU.Build.0 = Debug|Any CPU
		{50498CC8-1B29-4655-970C-706EDE6884B0}.Release|Any CPU.ActiveCfg = Release|Any CPU
		{50498CC8-1B29-4655-970C-706EDE6884B0}.Release|Any CPU.Build.0 = Release|Any CPU
		{32247C48-4552-473C-853F-42466B899468}.Debug|Any CPU.ActiveCfg = Debug|Any CPU
		{32247C48-4552-473C-853F-42466B899468}.Debug|Any CPU.Build.0 = Debug|Any CPU
		{32247C48-4552-473C-853F-42466B899468}.Release|Any CPU.ActiveCfg = Release|Any CPU
		{32247C48-4552-473C-853F-42466B899468}.Release|Any CPU.Build.0 = Release|Any CPU
		{2CB11449-3CEA-4766-8AE1-4D59AC9C59D7}.Debug|Any CPU.ActiveCfg = Debug|Any CPU
		{2CB11449-3CEA-4766-8AE1-4D59AC9C59D7}.Debug|Any CPU.Build.0 = Debug|Any CPU
		{2CB11449-3CEA-4766-8AE1-4D59AC9C59D7}.Release|Any CPU.ActiveCfg = Release|Any CPU
		{2CB11449-3CEA-4766-8AE1-4D59AC9C59D7}.Release|Any CPU.Build.0 = Release|Any CPU
		{A67E7F35-115B-4BFE-9778-255F0518382E}.Debug|Any CPU.ActiveCfg = Debug|Any CPU
		{A67E7F35-115B-4BFE-9778-255F0518382E}.Debug|Any CPU.Build.0 = Debug|Any CPU
		{A67E7F35-115B-4BFE-9778-255F0518382E}.Release|Any CPU.ActiveCfg = Release|Any CPU
		{A67E7F35-115B-4BFE-9778-255F0518382E}.Release|Any CPU.Build.0 = Release|Any CPU
		{0CF44E3D-AB02-4869-802A-863559510B61}.Debug|Any CPU.ActiveCfg = Debug|Any CPU
		{0CF44E3D-AB02-4869-802A-863559510B61}.Debug|Any CPU.Build.0 = Debug|Any CPU
		{0CF44E3D-AB02-4869-802A-863559510B61}.Release|Any CPU.ActiveCfg = Release|Any CPU
		{0CF44E3D-AB02-4869-802A-863559510B61}.Release|Any CPU.Build.0 = Release|Any CPU
	EndGlobalSection
	GlobalSection(SolutionProperties) = preSolution
		HideSolutionNode = FALSE
	EndGlobalSection
EndGlobal
